
<<<<<<< HEAD
Microsoft Visual Studio Solution File, Format Version 12.00
# Visual Studio 2015
Project("{FAE04EC0-301F-11D3-BF4B-00C04F79EFBC}") = "UnityProject-House", "UnityProject-House.csproj", "{1C10C369-8304-98FE-DF76-1CACF01ED9AE}"
=======
Microsoft Visual Studio Solution File, Format Version 11.00
# Visual Studio 2010
Project("{FAE04EC0-301F-11D3-BF4B-00C04F79EFBC}") = "UnityProject-House", "Assembly-CSharp.csproj", "{87C9EA4D-A3A7-80BA-3CD7-8FE72B0457F1}"
>>>>>>> 09271afe6a8a428bbfae98f6821f5da9962fa2cc
EndProject
Global
	GlobalSection(SolutionConfigurationPlatforms) = preSolution
		Debug|Any CPU = Debug|Any CPU
		Release|Any CPU = Release|Any CPU
	EndGlobalSection
	GlobalSection(ProjectConfigurationPlatforms) = postSolution
<<<<<<< HEAD
		{1C10C369-8304-98FE-DF76-1CACF01ED9AE}.Debug|Any CPU.ActiveCfg = Debug|Any CPU
		{1C10C369-8304-98FE-DF76-1CACF01ED9AE}.Debug|Any CPU.Build.0 = Debug|Any CPU
		{1C10C369-8304-98FE-DF76-1CACF01ED9AE}.Release|Any CPU.ActiveCfg = Release|Any CPU
		{1C10C369-8304-98FE-DF76-1CACF01ED9AE}.Release|Any CPU.Build.0 = Release|Any CPU
=======
		{87C9EA4D-A3A7-80BA-3CD7-8FE72B0457F1}.Debug|Any CPU.ActiveCfg = Debug|Any CPU
		{87C9EA4D-A3A7-80BA-3CD7-8FE72B0457F1}.Debug|Any CPU.Build.0 = Debug|Any CPU
		{87C9EA4D-A3A7-80BA-3CD7-8FE72B0457F1}.Release|Any CPU.ActiveCfg = Release|Any CPU
		{87C9EA4D-A3A7-80BA-3CD7-8FE72B0457F1}.Release|Any CPU.Build.0 = Release|Any CPU
>>>>>>> 09271afe6a8a428bbfae98f6821f5da9962fa2cc
	EndGlobalSection
	GlobalSection(SolutionProperties) = preSolution
		HideSolutionNode = FALSE
	EndGlobalSection
<<<<<<< HEAD
=======
	GlobalSection(MonoDevelopProperties) = preSolution
		StartupItem = Assembly-CSharp.csproj
	EndGlobalSection
>>>>>>> 09271afe6a8a428bbfae98f6821f5da9962fa2cc
EndGlobal
